
Microsoft Visual Studio Solution File, Format Version 12.00
# Visual Studio 2013
VisualStudioVersion = 12.0.30501.0
MinimumVisualStudioVersion = 10.0.40219.1
Project("{FAE04EC0-301F-11D3-BF4B-00C04F79EFBC}") = "HashTables", "HashTables\HashTables.csproj", "{A98894C7-28DA-4D6E-9274-A6A777FC66D9}"
EndProject
Project("{FAE04EC0-301F-11D3-BF4B-00C04F79EFBC}") = "HashTableRunner", "HashTableRunner\HashTableRunner.csproj", "{57189A4B-DA7D-47EA-9E84-57E78CFD740E}"
EndProject
Global
	GlobalSection(SolutionConfigurationPlatforms) = preSolution
		Debug|Any CPU = Debug|Any CPU
		Release|Any CPU = Release|Any CPU
	EndGlobalSection
	GlobalSection(ProjectConfigurationPlatforms) = postSolution
		{A98894C7-28DA-4D6E-9274-A6A777FC66D9}.Debug|Any CPU.ActiveCfg = Debug|Any CPU
		{A98894C7-28DA-4D6E-9274-A6A777FC66D9}.Debug|Any CPU.Build.0 = Debug|Any CPU
		{A98894C7-28DA-4D6E-9274-A6A777FC66D9}.Release|Any CPU.ActiveCfg = Release|Any CPU
		{A98894C7-28DA-4D6E-9274-A6A777FC66D9}.Release|Any CPU.Build.0 = Release|Any CPU
		{57189A4B-DA7D-47EA-9E84-57E78CFD740E}.Debug|Any CPU.ActiveCfg = Debug|Any CPU
		{57189A4B-DA7D-47EA-9E84-57E78CFD740E}.Debug|Any CPU.Build.0 = Debug|Any CPU
		{57189A4B-DA7D-47EA-9E84-57E78CFD740E}.Release|Any CPU.ActiveCfg = Release|Any CPU
		{57189A4B-DA7D-47EA-9E84-57E78CFD740E}.Release|Any CPU.Build.0 = Release|Any CPU
	EndGlobalSection
	GlobalSection(SolutionProperties) = preSolution
		HideSolutionNode = FALSE
	EndGlobalSection
EndGlobal
